// !$*UTF8*$!
{
	archiveVersion = 1;
	classes = {
	};
	objectVersion = 50;
	objects = {

/* Begin PBXBuildFile section */
		1D3EE42F2385617E0021B51B /* Alamofire.framework in Frameworks */ = {isa = PBXBuildFile; fileRef = 1D3EE425238561490021B51B /* Alamofire.framework */; };
		1D3EE4302385617E0021B51B /* Kingfisher.framework in Frameworks */ = {isa = PBXBuildFile; fileRef = 1D3EE429238561490021B51B /* Kingfisher.framework */; };
		1D3EE4312385617E0021B51B /* RxCocoa.framework in Frameworks */ = {isa = PBXBuildFile; fileRef = 1D3EE427238561490021B51B /* RxCocoa.framework */; };
		1D3EE4322385617E0021B51B /* RxSwift.framework in Frameworks */ = {isa = PBXBuildFile; fileRef = 1D3EE428238561490021B51B /* RxSwift.framework */; };
		1D3EE4332385617E0021B51B /* SwiftyJSON.framework in Frameworks */ = {isa = PBXBuildFile; fileRef = 1D3EE426238561490021B51B /* SwiftyJSON.framework */; };
		1D805B7323825D7000040156 /* AppDelegate.swift in Sources */ = {isa = PBXBuildFile; fileRef = 1D805B7223825D7000040156 /* AppDelegate.swift */; };
		1D805B7523825D7000040156 /* SceneDelegate.swift in Sources */ = {isa = PBXBuildFile; fileRef = 1D805B7423825D7000040156 /* SceneDelegate.swift */; };
		1D805B7723825D7000040156 /* ViewController.swift in Sources */ = {isa = PBXBuildFile; fileRef = 1D805B7623825D7000040156 /* ViewController.swift */; };
		1D805B7A23825D7000040156 /* Main.storyboard in Resources */ = {isa = PBXBuildFile; fileRef = 1D805B7823825D7000040156 /* Main.storyboard */; };
		1D805B7C23825D7100040156 /* Assets.xcassets in Resources */ = {isa = PBXBuildFile; fileRef = 1D805B7B23825D7100040156 /* Assets.xcassets */; };
		1D805B7F23825D7100040156 /* LaunchScreen.storyboard in Resources */ = {isa = PBXBuildFile; fileRef = 1D805B7D23825D7100040156 /* LaunchScreen.storyboard */; };
		1DABD8AB238941B900233C02 /* One_iOS.h in Headers */ = {isa = PBXBuildFile; fileRef = 1DABD8A9238941B900233C02 /* One_iOS.h */; settings = {ATTRIBUTES = (Public, ); }; };
		1DABD8AE238941B900233C02 /* One_iOS.framework in Frameworks */ = {isa = PBXBuildFile; fileRef = 1DABD8A7238941B900233C02 /* One_iOS.framework */; };
		1DABD8AF238941B900233C02 /* One_iOS.framework in Embed Frameworks */ = {isa = PBXBuildFile; fileRef = 1DABD8A7238941B900233C02 /* One_iOS.framework */; settings = {ATTRIBUTES = (CodeSignOnCopy, RemoveHeadersOnCopy, ); }; };
		1DABD8BC238941E100233C02 /* OneUIKit.h in Headers */ = {isa = PBXBuildFile; fileRef = 1DABD8BA238941E100233C02 /* OneUIKit.h */; settings = {ATTRIBUTES = (Public, ); }; };
		1DABD8BF238941E100233C02 /* OneUIKit.framework in Frameworks */ = {isa = PBXBuildFile; fileRef = 1DABD8B8238941E100233C02 /* OneUIKit.framework */; };
		1DABD8C0238941E100233C02 /* OneUIKit.framework in Embed Frameworks */ = {isa = PBXBuildFile; fileRef = 1DABD8B8238941E100233C02 /* OneUIKit.framework */; settings = {ATTRIBUTES = (CodeSignOnCopy, RemoveHeadersOnCopy, ); }; };
		1DABD8CD238941FB00233C02 /* OneDataKit.h in Headers */ = {isa = PBXBuildFile; fileRef = 1DABD8CB238941FB00233C02 /* OneDataKit.h */; settings = {ATTRIBUTES = (Public, ); }; };
		1DABD8D0238941FB00233C02 /* OneDataKit.framework in Frameworks */ = {isa = PBXBuildFile; fileRef = 1DABD8C9238941FB00233C02 /* OneDataKit.framework */; };
		1DABD8D1238941FB00233C02 /* OneDataKit.framework in Embed Frameworks */ = {isa = PBXBuildFile; fileRef = 1DABD8C9238941FB00233C02 /* OneDataKit.framework */; settings = {ATTRIBUTES = (CodeSignOnCopy, RemoveHeadersOnCopy, ); }; };
		1DABD8D82389435200233C02 /* OneAppDependencyContainerViewController.swift in Sources */ = {isa = PBXBuildFile; fileRef = 1DABD8D72389435200233C02 /* OneAppDependencyContainerViewController.swift */; };
		1DABD8DD238943DE00233C02 /* MainViewModel.swift in Sources */ = {isa = PBXBuildFile; fileRef = 1DABD8DC238943DE00233C02 /* MainViewModel.swift */; };
		1DABD8E02389441B00233C02 /* GuideResponder.swift in Sources */ = {isa = PBXBuildFile; fileRef = 1DABD8DF2389441B00233C02 /* GuideResponder.swift */; };
		1DABD8E1238944FB00233C02 /* One_iOS.framework in Frameworks */ = {isa = PBXBuildFile; fileRef = 1DABD8A7238941B900233C02 /* One_iOS.framework */; };
		1DABD8E2238944FB00233C02 /* OneUIKit.framework in Frameworks */ = {isa = PBXBuildFile; fileRef = 1DABD8B8238941E100233C02 /* OneUIKit.framework */; };
		1DABD8E32389455F00233C02 /* RxSwift.framework in Frameworks */ = {isa = PBXBuildFile; fileRef = 1D3EE428238561490021B51B /* RxSwift.framework */; };
		1DABD8E42389458600233C02 /* OneDataKit.framework in Frameworks */ = {isa = PBXBuildFile; fileRef = 1DABD8C9238941FB00233C02 /* OneDataKit.framework */; };
		1DABD8E52389458600233C02 /* OneUIKit.framework in Frameworks */ = {isa = PBXBuildFile; fileRef = 1DABD8B8238941E100233C02 /* OneUIKit.framework */; };
		1DABD8E62389458D00233C02 /* One_iOS.framework in Frameworks */ = {isa = PBXBuildFile; fileRef = 1DABD8A7238941B900233C02 /* One_iOS.framework */; };
		1DABD8E72389458D00233C02 /* OneDataKit.framework in Frameworks */ = {isa = PBXBuildFile; fileRef = 1DABD8C9238941FB00233C02 /* OneDataKit.framework */; };
		1DABD8EA238945BE00233C02 /* RxSwift.framework in Frameworks */ = {isa = PBXBuildFile; fileRef = 1D3EE428238561490021B51B /* RxSwift.framework */; };
		1DABD8EB238945DA00233C02 /* RxSwift.framework in Frameworks */ = {isa = PBXBuildFile; fileRef = 1D3EE428238561490021B51B /* RxSwift.framework */; };
/* End PBXBuildFile section */

/* Begin PBXContainerItemProxy section */
		1DABD8AC238941B900233C02 /* PBXContainerItemProxy */ = {
			isa = PBXContainerItemProxy;
			containerPortal = 1D805B6723825D7000040156 /* Project object */;
			proxyType = 1;
			remoteGlobalIDString = 1DABD8A6238941B900233C02;
			remoteInfo = One_iOS;
		};
		1DABD8BD238941E100233C02 /* PBXContainerItemProxy */ = {
			isa = PBXContainerItemProxy;
			containerPortal = 1D805B6723825D7000040156 /* Project object */;
			proxyType = 1;
			remoteGlobalIDString = 1DABD8B7238941E100233C02;
			remoteInfo = OneUIKit;
		};
		1DABD8CE238941FB00233C02 /* PBXContainerItemProxy */ = {
			isa = PBXContainerItemProxy;
			containerPortal = 1D805B6723825D7000040156 /* Project object */;
			proxyType = 1;
			remoteGlobalIDString = 1DABD8C8238941FB00233C02;
			remoteInfo = OneDataKit;
		};
/* End PBXContainerItemProxy section */

/* Begin PBXCopyFilesBuildPhase section */
		1D805B9423825EEF00040156 /* Embed Frameworks */ = {
			isa = PBXCopyFilesBuildPhase;
			buildActionMask = 2147483647;
			dstPath = "";
			dstSubfolderSpec = 10;
			files = (
				1DABD8D1238941FB00233C02 /* OneDataKit.framework in Embed Frameworks */,
				1DABD8C0238941E100233C02 /* OneUIKit.framework in Embed Frameworks */,
				1DABD8AF238941B900233C02 /* One_iOS.framework in Embed Frameworks */,
			);
			name = "Embed Frameworks";
			runOnlyForDeploymentPostprocessing = 0;
		};
		1D805BC1238260CB00040156 /* Embed App Extensions */ = {
			isa = PBXCopyFilesBuildPhase;
			buildActionMask = 2147483647;
			dstPath = "";
			dstSubfolderSpec = 13;
			files = (
			);
			name = "Embed App Extensions";
			runOnlyForDeploymentPostprocessing = 0;
		};
/* End PBXCopyFilesBuildPhase section */

/* Begin PBXFileReference section */
		1D3EE425238561490021B51B /* Alamofire.framework */ = {isa = PBXFileReference; lastKnownFileType = wrapper.framework; name = Alamofire.framework; path = Carthage/Build/iOS/Alamofire.framework; sourceTree = "<group>"; };
		1D3EE426238561490021B51B /* SwiftyJSON.framework */ = {isa = PBXFileReference; lastKnownFileType = wrapper.framework; name = SwiftyJSON.framework; path = Carthage/Build/iOS/SwiftyJSON.framework; sourceTree = "<group>"; };
		1D3EE427238561490021B51B /* RxCocoa.framework */ = {isa = PBXFileReference; lastKnownFileType = wrapper.framework; name = RxCocoa.framework; path = Carthage/Build/iOS/RxCocoa.framework; sourceTree = "<group>"; };
		1D3EE428238561490021B51B /* RxSwift.framework */ = {isa = PBXFileReference; lastKnownFileType = wrapper.framework; name = RxSwift.framework; path = Carthage/Build/iOS/RxSwift.framework; sourceTree = "<group>"; };
		1D3EE429238561490021B51B /* Kingfisher.framework */ = {isa = PBXFileReference; lastKnownFileType = wrapper.framework; name = Kingfisher.framework; path = Carthage/Build/iOS/Kingfisher.framework; sourceTree = "<group>"; };
		1D805B6F23825D7000040156 /* One-Swift.app */ = {isa = PBXFileReference; explicitFileType = wrapper.application; includeInIndex = 0; path = "One-Swift.app"; sourceTree = BUILT_PRODUCTS_DIR; };
		1D805B7223825D7000040156 /* AppDelegate.swift */ = {isa = PBXFileReference; lastKnownFileType = sourcecode.swift; path = AppDelegate.swift; sourceTree = "<group>"; };
		1D805B7423825D7000040156 /* SceneDelegate.swift */ = {isa = PBXFileReference; lastKnownFileType = sourcecode.swift; path = SceneDelegate.swift; sourceTree = "<group>"; };
		1D805B7623825D7000040156 /* ViewController.swift */ = {isa = PBXFileReference; lastKnownFileType = sourcecode.swift; path = ViewController.swift; sourceTree = "<group>"; };
		1D805B7923825D7000040156 /* Base */ = {isa = PBXFileReference; lastKnownFileType = file.storyboard; name = Base; path = Base.lproj/Main.storyboard; sourceTree = "<group>"; };
		1D805B7B23825D7100040156 /* Assets.xcassets */ = {isa = PBXFileReference; lastKnownFileType = folder.assetcatalog; path = Assets.xcassets; sourceTree = "<group>"; };
		1D805B7E23825D7100040156 /* Base */ = {isa = PBXFileReference; lastKnownFileType = file.storyboard; name = Base; path = Base.lproj/LaunchScreen.storyboard; sourceTree = "<group>"; };
		1D805B8023825D7100040156 /* Info.plist */ = {isa = PBXFileReference; lastKnownFileType = text.plist.xml; path = Info.plist; sourceTree = "<group>"; };
		1DABD8A7238941B900233C02 /* One_iOS.framework */ = {isa = PBXFileReference; explicitFileType = wrapper.framework; includeInIndex = 0; path = One_iOS.framework; sourceTree = BUILT_PRODUCTS_DIR; };
		1DABD8A9238941B900233C02 /* One_iOS.h */ = {isa = PBXFileReference; lastKnownFileType = sourcecode.c.h; path = One_iOS.h; sourceTree = "<group>"; };
		1DABD8AA238941B900233C02 /* Info.plist */ = {isa = PBXFileReference; lastKnownFileType = text.plist.xml; path = Info.plist; sourceTree = "<group>"; };
		1DABD8B8238941E100233C02 /* OneUIKit.framework */ = {isa = PBXFileReference; explicitFileType = wrapper.framework; includeInIndex = 0; path = OneUIKit.framework; sourceTree = BUILT_PRODUCTS_DIR; };
		1DABD8BA238941E100233C02 /* OneUIKit.h */ = {isa = PBXFileReference; lastKnownFileType = sourcecode.c.h; path = OneUIKit.h; sourceTree = "<group>"; };
		1DABD8BB238941E100233C02 /* Info.plist */ = {isa = PBXFileReference; lastKnownFileType = text.plist.xml; path = Info.plist; sourceTree = "<group>"; };
		1DABD8C9238941FB00233C02 /* OneDataKit.framework */ = {isa = PBXFileReference; explicitFileType = wrapper.framework; includeInIndex = 0; path = OneDataKit.framework; sourceTree = BUILT_PRODUCTS_DIR; };
		1DABD8CB238941FB00233C02 /* OneDataKit.h */ = {isa = PBXFileReference; lastKnownFileType = sourcecode.c.h; path = OneDataKit.h; sourceTree = "<group>"; };
		1DABD8CC238941FB00233C02 /* Info.plist */ = {isa = PBXFileReference; lastKnownFileType = text.plist.xml; path = Info.plist; sourceTree = "<group>"; };
		1DABD8D72389435200233C02 /* OneAppDependencyContainerViewController.swift */ = {isa = PBXFileReference; lastKnownFileType = sourcecode.swift; path = OneAppDependencyContainerViewController.swift; sourceTree = "<group>"; };
		1DABD8DC238943DE00233C02 /* MainViewModel.swift */ = {isa = PBXFileReference; lastKnownFileType = sourcecode.swift; path = MainViewModel.swift; sourceTree = "<group>"; };
		1DABD8DF2389441B00233C02 /* GuideResponder.swift */ = {isa = PBXFileReference; lastKnownFileType = sourcecode.swift; path = GuideResponder.swift; sourceTree = "<group>"; };
		1DABD8E8238945A400233C02 /* 0BE028CE-792A-3860-9BD6-A35924898FD7.bcsymbolmap */ = {isa = PBXFileReference; lastKnownFileType = text; name = "0BE028CE-792A-3860-9BD6-A35924898FD7.bcsymbolmap"; path = "Carthage/Build/iOS/0BE028CE-792A-3860-9BD6-A35924898FD7.bcsymbolmap"; sourceTree = "<group>"; };
/* End PBXFileReference section */

/* Begin PBXFrameworksBuildPhase section */
		1D805B6C23825D7000040156 /* Frameworks */ = {
			isa = PBXFrameworksBuildPhase;
			buildActionMask = 2147483647;
			files = (
				1D3EE42F2385617E0021B51B /* Alamofire.framework in Frameworks */,
				1DABD8BF238941E100233C02 /* OneUIKit.framework in Frameworks */,
				1DABD8AE238941B900233C02 /* One_iOS.framework in Frameworks */,
				1D3EE4302385617E0021B51B /* Kingfisher.framework in Frameworks */,
				1DABD8D0238941FB00233C02 /* OneDataKit.framework in Frameworks */,
				1D3EE4312385617E0021B51B /* RxCocoa.framework in Frameworks */,
				1D3EE4322385617E0021B51B /* RxSwift.framework in Frameworks */,
				1D3EE4332385617E0021B51B /* SwiftyJSON.framework in Frameworks */,
			);
			runOnlyForDeploymentPostprocessing = 0;
		};
		1DABD8A4238941B900233C02 /* Frameworks */ = {
			isa = PBXFrameworksBuildPhase;
			buildActionMask = 2147483647;
			files = (
				1DABD8EB238945DA00233C02 /* RxSwift.framework in Frameworks */,
				1DABD8E42389458600233C02 /* OneDataKit.framework in Frameworks */,
				1DABD8E52389458600233C02 /* OneUIKit.framework in Frameworks */,
			);
			runOnlyForDeploymentPostprocessing = 0;
		};
		1DABD8B5238941E100233C02 /* Frameworks */ = {
			isa = PBXFrameworksBuildPhase;
			buildActionMask = 2147483647;
			files = (
				1DABD8EA238945BE00233C02 /* RxSwift.framework in Frameworks */,
				1DABD8E62389458D00233C02 /* One_iOS.framework in Frameworks */,
				1DABD8E72389458D00233C02 /* OneDataKit.framework in Frameworks */,
			);
			runOnlyForDeploymentPostprocessing = 0;
		};
		1DABD8C6238941FB00233C02 /* Frameworks */ = {
			isa = PBXFrameworksBuildPhase;
			buildActionMask = 2147483647;
			files = (
				1DABD8E32389455F00233C02 /* RxSwift.framework in Frameworks */,
				1DABD8E1238944FB00233C02 /* One_iOS.framework in Frameworks */,
				1DABD8E2238944FB00233C02 /* OneUIKit.framework in Frameworks */,
			);
			runOnlyForDeploymentPostprocessing = 0;
		};
/* End PBXFrameworksBuildPhase section */

/* Begin PBXGroup section */
		1D3EE4002384EA760021B51B /* Frameworks */ = {
			isa = PBXGroup;
			children = (
				1DABD8E8238945A400233C02 /* 0BE028CE-792A-3860-9BD6-A35924898FD7.bcsymbolmap */,
				1D3EE425238561490021B51B /* Alamofire.framework */,
				1D3EE429238561490021B51B /* Kingfisher.framework */,
				1D3EE427238561490021B51B /* RxCocoa.framework */,
				1D3EE428238561490021B51B /* RxSwift.framework */,
				1D3EE426238561490021B51B /* SwiftyJSON.framework */,
			);
			name = Frameworks;
			sourceTree = "<group>";
		};
		1D805B6623825D7000040156 = {
			isa = PBXGroup;
			children = (
				1D805B7123825D7000040156 /* One-Swift */,
				1DABD8A8238941B900233C02 /* One_iOS */,
				1DABD8B9238941E100233C02 /* OneUIKit */,
				1DABD8CA238941FB00233C02 /* OneDataKit */,
				1D805B7023825D7000040156 /* Products */,
				1D3EE4002384EA760021B51B /* Frameworks */,
			);
			sourceTree = "<group>";
		};
		1D805B7023825D7000040156 /* Products */ = {
			isa = PBXGroup;
			children = (
				1D805B6F23825D7000040156 /* One-Swift.app */,
				1DABD8A7238941B900233C02 /* One_iOS.framework */,
				1DABD8B8238941E100233C02 /* OneUIKit.framework */,
				1DABD8C9238941FB00233C02 /* OneDataKit.framework */,
			);
			name = Products;
			sourceTree = "<group>";
		};
		1D805B7123825D7000040156 /* One-Swift */ = {
			isa = PBXGroup;
			children = (
				1D805B7223825D7000040156 /* AppDelegate.swift */,
				1D805B7423825D7000040156 /* SceneDelegate.swift */,
				1D805B7623825D7000040156 /* ViewController.swift */,
				1D805B7823825D7000040156 /* Main.storyboard */,
				1D805B7B23825D7100040156 /* Assets.xcassets */,
				1D805B7D23825D7100040156 /* LaunchScreen.storyboard */,
				1D805B8023825D7100040156 /* Info.plist */,
			);
			path = "One-Swift";
			sourceTree = "<group>";
		};
		1DABD8A8238941B900233C02 /* One_iOS */ = {
			isa = PBXGroup;
			children = (
				1DABD8D62389432A00233C02 /* iOSApp */,
				1DABD8D52389422B00233C02 /* SwiftUI */,
				1DABD8A9238941B900233C02 /* One_iOS.h */,
				1DABD8AA238941B900233C02 /* Info.plist */,
			);
			path = One_iOS;
			sourceTree = "<group>";
		};
		1DABD8B9238941E100233C02 /* OneUIKit */ = {
			isa = PBXGroup;
			children = (
				1DABD8BA238941E100233C02 /* OneUIKit.h */,
				1DABD8BB238941E100233C02 /* Info.plist */,
			);
			path = OneUIKit;
			sourceTree = "<group>";
		};
		1DABD8CA238941FB00233C02 /* OneDataKit */ = {
			isa = PBXGroup;
			children = (
				1DABD8CB238941FB00233C02 /* OneDataKit.h */,
				1DABD8CC238941FB00233C02 /* Info.plist */,
			);
			path = OneDataKit;
			sourceTree = "<group>";
		};
		1DABD8D52389422B00233C02 /* SwiftUI */ = {
			isa = PBXGroup;
			children = (
			);
			path = SwiftUI;
			sourceTree = "<group>";
		};
		1DABD8D62389432A00233C02 /* iOSApp */ = {
			isa = PBXGroup;
			children = (
				1DABD8D92389439300233C02 /* PresentLayer */,
			);
			path = iOSApp;
			sourceTree = "<group>";
		};
		1DABD8D92389439300233C02 /* PresentLayer */ = {
			isa = PBXGroup;
			children = (
				1DABD8DE238943F300233C02 /* Protocol */,
				1DABD8DB238943B300233C02 /* ViewModel */,
				1DABD8DA238943AA00233C02 /* Controller */,
			);
			path = PresentLayer;
			sourceTree = "<group>";
		};
		1DABD8DA238943AA00233C02 /* Controller */ = {
			isa = PBXGroup;
			children = (
				1DABD8D72389435200233C02 /* OneAppDependencyContainerViewController.swift */,
			);
			path = Controller;
			sourceTree = "<group>";
		};
		1DABD8DB238943B300233C02 /* ViewModel */ = {
			isa = PBXGroup;
			children = (
				1DABD8DC238943DE00233C02 /* MainViewModel.swift */,
			);
			path = ViewModel;
			sourceTree = "<group>";
		};
		1DABD8DE238943F300233C02 /* Protocol */ = {
			isa = PBXGroup;
			children = (
				1DABD8DF2389441B00233C02 /* GuideResponder.swift */,
			);
			path = Protocol;
			sourceTree = "<group>";
		};
/* End PBXGroup section */

/* Begin PBXHeadersBuildPhase section */
		1DABD8A2238941B900233C02 /* Headers */ = {
			isa = PBXHeadersBuildPhase;
			buildActionMask = 2147483647;
			files = (
				1DABD8AB238941B900233C02 /* One_iOS.h in Headers */,
			);
			runOnlyForDeploymentPostprocessing = 0;
		};
		1DABD8B3238941E100233C02 /* Headers */ = {
			isa = PBXHeadersBuildPhase;
			buildActionMask = 2147483647;
			files = (
				1DABD8BC238941E100233C02 /* OneUIKit.h in Headers */,
			);
			runOnlyForDeploymentPostprocessing = 0;
		};
		1DABD8C4238941FB00233C02 /* Headers */ = {
			isa = PBXHeadersBuildPhase;
			buildActionMask = 2147483647;
			files = (
				1DABD8CD238941FB00233C02 /* OneDataKit.h in Headers */,
			);
			runOnlyForDeploymentPostprocessing = 0;
		};
/* End PBXHeadersBuildPhase section */

/* Begin PBXNativeTarget section */
		1D805B6E23825D7000040156 /* One-Swift */ = {
			isa = PBXNativeTarget;
			buildConfigurationList = 1D805B8323825D7100040156 /* Build configuration list for PBXNativeTarget "One-Swift" */;
			buildPhases = (
				1D805B6B23825D7000040156 /* Sources */,
				1D805B6C23825D7000040156 /* Frameworks */,
				1D805B6D23825D7000040156 /* Resources */,
				1D805B9423825EEF00040156 /* Embed Frameworks */,
				1D805BC1238260CB00040156 /* Embed App Extensions */,
				1D3EE3FF2384E8610021B51B /* ShellScript */,
			);
			buildRules = (
			);
			dependencies = (
				1DABD8AD238941B900233C02 /* PBXTargetDependency */,
				1DABD8BE238941E100233C02 /* PBXTargetDependency */,
				1DABD8CF238941FB00233C02 /* PBXTargetDependency */,
			);
			name = "One-Swift";
			productName = "One-Swift";
			productReference = 1D805B6F23825D7000040156 /* One-Swift.app */;
			productType = "com.apple.product-type.application";
		};
		1DABD8A6238941B900233C02 /* One_iOS */ = {
			isa = PBXNativeTarget;
			buildConfigurationList = 1DABD8B2238941B900233C02 /* Build configuration list for PBXNativeTarget "One_iOS" */;
			buildPhases = (
				1DABD8A2238941B900233C02 /* Headers */,
				1DABD8A3238941B900233C02 /* Sources */,
				1DABD8A4238941B900233C02 /* Frameworks */,
				1DABD8A5238941B900233C02 /* Resources */,
			);
			buildRules = (
			);
			dependencies = (
			);
			name = One_iOS;
			productName = One_iOS;
			productReference = 1DABD8A7238941B900233C02 /* One_iOS.framework */;
			productType = "com.apple.product-type.framework";
		};
		1DABD8B7238941E100233C02 /* OneUIKit */ = {
			isa = PBXNativeTarget;
			buildConfigurationList = 1DABD8C1238941E200233C02 /* Build configuration list for PBXNativeTarget "OneUIKit" */;
			buildPhases = (
				1DABD8B3238941E100233C02 /* Headers */,
				1DABD8B4238941E100233C02 /* Sources */,
				1DABD8B5238941E100233C02 /* Frameworks */,
				1DABD8B6238941E100233C02 /* Resources */,
			);
			buildRules = (
			);
			dependencies = (
			);
			name = OneUIKit;
			productName = OneUIKit;
			productReference = 1DABD8B8238941E100233C02 /* OneUIKit.framework */;
			productType = "com.apple.product-type.framework";
		};
		1DABD8C8238941FB00233C02 /* OneDataKit */ = {
			isa = PBXNativeTarget;
			buildConfigurationList = 1DABD8D2238941FB00233C02 /* Build configuration list for PBXNativeTarget "OneDataKit" */;
			buildPhases = (
				1DABD8C4238941FB00233C02 /* Headers */,
				1DABD8C5238941FB00233C02 /* Sources */,
				1DABD8C6238941FB00233C02 /* Frameworks */,
				1DABD8C7238941FB00233C02 /* Resources */,
			);
			buildRules = (
			);
			dependencies = (
			);
			name = OneDataKit;
			productName = OneDataKit;
			productReference = 1DABD8C9238941FB00233C02 /* OneDataKit.framework */;
			productType = "com.apple.product-type.framework";
		};
/* End PBXNativeTarget section */

/* Begin PBXProject section */
		1D805B6723825D7000040156 /* Project object */ = {
			isa = PBXProject;
			attributes = {
				DefaultBuildSystemTypeForWorkspace = Original;
				LastSwiftUpdateCheck = 1100;
				LastUpgradeCheck = 1100;
				ORGANIZATIONNAME = "Xi'an Boxin Information Technology Co., Ltd";
				TargetAttributes = {
					1D805B6E23825D7000040156 = {
						CreatedOnToolsVersion = 11.0;
					};
					1DABD8A6238941B900233C02 = {
						CreatedOnToolsVersion = 11.0;
						LastSwiftMigration = 1100;
					};
					1DABD8B7238941E100233C02 = {
						CreatedOnToolsVersion = 11.0;
					};
					1DABD8C8238941FB00233C02 = {
						CreatedOnToolsVersion = 11.0;
					};
				};
			};
			buildConfigurationList = 1D805B6A23825D7000040156 /* Build configuration list for PBXProject "One-Swift" */;
			compatibilityVersion = "Xcode 9.3";
			developmentRegion = en;
			hasScannedForEncodings = 0;
			knownRegions = (
				en,
				Base,
			);
			mainGroup = 1D805B6623825D7000040156;
			productRefGroup = 1D805B7023825D7000040156 /* Products */;
			projectDirPath = "";
			projectRoot = "";
			targets = (
				1D805B6E23825D7000040156 /* One-Swift */,
				1DABD8A6238941B900233C02 /* One_iOS */,
				1DABD8B7238941E100233C02 /* OneUIKit */,
				1DABD8C8238941FB00233C02 /* OneDataKit */,
			);
		};
/* End PBXProject section */

/* Begin PBXResourcesBuildPhase section */
		1D805B6D23825D7000040156 /* Resources */ = {
			isa = PBXResourcesBuildPhase;
			buildActionMask = 2147483647;
			files = (
				1D805B7F23825D7100040156 /* LaunchScreen.storyboard in Resources */,
				1D805B7C23825D7100040156 /* Assets.xcassets in Resources */,
				1D805B7A23825D7000040156 /* Main.storyboard in Resources */,
			);
			runOnlyForDeploymentPostprocessing = 0;
		};
		1DABD8A5238941B900233C02 /* Resources */ = {
			isa = PBXResourcesBuildPhase;
			buildActionMask = 2147483647;
			files = (
			);
			runOnlyForDeploymentPostprocessing = 0;
		};
		1DABD8B6238941E100233C02 /* Resources */ = {
			isa = PBXResourcesBuildPhase;
			buildActionMask = 2147483647;
			files = (
			);
			runOnlyForDeploymentPostprocessing = 0;
		};
		1DABD8C7238941FB00233C02 /* Resources */ = {
			isa = PBXResourcesBuildPhase;
			buildActionMask = 2147483647;
			files = (
			);
			runOnlyForDeploymentPostprocessing = 0;
		};
/* End PBXResourcesBuildPhase section */

/* Begin PBXShellScriptBuildPhase section */
		1D3EE3FF2384E8610021B51B /* ShellScript */ = {
			isa = PBXShellScriptBuildPhase;
			buildActionMask = 2147483647;
			files = (
			);
			inputFileListPaths = (
			);
			inputPaths = (
				"$(SRCROOT)/Carthage/Build/iOS/SwiftyJSON.framework",
				"$(SRCROOT)/Carthage/Build/iOS/RxSwift.framework",
				"$(SRCROOT)/Carthage/Build/iOS/Kingfisher.framework",
				"$(SRCROOT)/Carthage/Build/iOS/Alamofire.framework",
				"$(SRCROOT)/Carthage/Build/iOS/RxCocoa.framework",
				"$(SRCROOT)/Carthage/Build/iOS/RxRelay.framework",
			);
			outputFileListPaths = (
			);
			outputPaths = (
			);
			runOnlyForDeploymentPostprocessing = 0;
			shellPath = /bin/sh;
			shellScript = "/usr/local/bin/Carthage copy-frameworks\n\n";
		};
/* End PBXShellScriptBuildPhase section */

/* Begin PBXSourcesBuildPhase section */
		1D805B6B23825D7000040156 /* Sources */ = {
			isa = PBXSourcesBuildPhase;
			buildActionMask = 2147483647;
			files = (
				1D805B7723825D7000040156 /* ViewController.swift in Sources */,
				1D805B7323825D7000040156 /* AppDelegate.swift in Sources */,
				1D805B7523825D7000040156 /* SceneDelegate.swift in Sources */,
			);
			runOnlyForDeploymentPostprocessing = 0;
		};
		1DABD8A3238941B900233C02 /* Sources */ = {
			isa = PBXSourcesBuildPhase;
			buildActionMask = 2147483647;
			files = (
				1DABD8D82389435200233C02 /* OneAppDependencyContainerViewController.swift in Sources */,
				1DABD8E02389441B00233C02 /* GuideResponder.swift in Sources */,
				1DABD8DD238943DE00233C02 /* MainViewModel.swift in Sources */,
			);
			runOnlyForDeploymentPostprocessing = 0;
		};
		1DABD8B4238941E100233C02 /* Sources */ = {
			isa = PBXSourcesBuildPhase;
			buildActionMask = 2147483647;
			files = (
			);
			runOnlyForDeploymentPostprocessing = 0;
		};
		1DABD8C5238941FB00233C02 /* Sources */ = {
			isa = PBXSourcesBuildPhase;
			buildActionMask = 2147483647;
			files = (
			);
			runOnlyForDeploymentPostprocessing = 0;
		};
/* End PBXSourcesBuildPhase section */

/* Begin PBXTargetDependency section */
		1DABD8AD238941B900233C02 /* PBXTargetDependency */ = {
			isa = PBXTargetDependency;
			target = 1DABD8A6238941B900233C02 /* One_iOS */;
			targetProxy = 1DABD8AC238941B900233C02 /* PBXContainerItemProxy */;
		};
		1DABD8BE238941E100233C02 /* PBXTargetDependency */ = {
			isa = PBXTargetDependency;
			target = 1DABD8B7238941E100233C02 /* OneUIKit */;
			targetProxy = 1DABD8BD238941E100233C02 /* PBXContainerItemProxy */;
		};
		1DABD8CF238941FB00233C02 /* PBXTargetDependency */ = {
			isa = PBXTargetDependency;
			target = 1DABD8C8238941FB00233C02 /* OneDataKit */;
			targetProxy = 1DABD8CE238941FB00233C02 /* PBXContainerItemProxy */;
		};
/* End PBXTargetDependency section */

/* Begin PBXVariantGroup section */
		1D805B7823825D7000040156 /* Main.storyboard */ = {
			isa = PBXVariantGroup;
			children = (
				1D805B7923825D7000040156 /* Base */,
			);
			name = Main.storyboard;
			sourceTree = "<group>";
		};
		1D805B7D23825D7100040156 /* LaunchScreen.storyboard */ = {
			isa = PBXVariantGroup;
			children = (
				1D805B7E23825D7100040156 /* Base */,
			);
			name = LaunchScreen.storyboard;
			sourceTree = "<group>";
		};
/* End PBXVariantGroup section */

/* Begin XCBuildConfiguration section */
		1D805B8123825D7100040156 /* Debug */ = {
			isa = XCBuildConfiguration;
			buildSettings = {
				ALWAYS_SEARCH_USER_PATHS = NO;
				CLANG_ANALYZER_NONNULL = YES;
				CLANG_ANALYZER_NUMBER_OBJECT_CONVERSION = YES_AGGRESSIVE;
				CLANG_CXX_LANGUAGE_STANDARD = "gnu++14";
				CLANG_CXX_LIBRARY = "libc++";
				CLANG_ENABLE_MODULES = YES;
				CLANG_ENABLE_OBJC_ARC = YES;
				CLANG_ENABLE_OBJC_WEAK = YES;
				CLANG_WARN_BLOCK_CAPTURE_AUTORELEASING = YES;
				CLANG_WARN_BOOL_CONVERSION = YES;
				CLANG_WARN_COMMA = YES;
				CLANG_WARN_CONSTANT_CONVERSION = YES;
				CLANG_WARN_DEPRECATED_OBJC_IMPLEMENTATIONS = YES;
				CLANG_WARN_DIRECT_OBJC_ISA_USAGE = YES_ERROR;
				CLANG_WARN_DOCUMENTATION_COMMENTS = YES;
				CLANG_WARN_EMPTY_BODY = YES;
				CLANG_WARN_ENUM_CONVERSION = YES;
				CLANG_WARN_INFINITE_RECURSION = YES;
				CLANG_WARN_INT_CONVERSION = YES;
				CLANG_WARN_NON_LITERAL_NULL_CONVERSION = YES;
				CLANG_WARN_OBJC_IMPLICIT_RETAIN_SELF = YES;
				CLANG_WARN_OBJC_LITERAL_CONVERSION = YES;
				CLANG_WARN_OBJC_ROOT_CLASS = YES_ERROR;
				CLANG_WARN_RANGE_LOOP_ANALYSIS = YES;
				CLANG_WARN_STRICT_PROTOTYPES = YES;
				CLANG_WARN_SUSPICIOUS_MOVE = YES;
				CLANG_WARN_UNGUARDED_AVAILABILITY = YES_AGGRESSIVE;
				CLANG_WARN_UNREACHABLE_CODE = YES;
				CLANG_WARN__DUPLICATE_METHOD_MATCH = YES;
				COPY_PHASE_STRIP = NO;
				DEBUG_INFORMATION_FORMAT = dwarf;
				ENABLE_STRICT_OBJC_MSGSEND = YES;
				ENABLE_TESTABILITY = YES;
				GCC_C_LANGUAGE_STANDARD = gnu11;
				GCC_DYNAMIC_NO_PIC = NO;
				GCC_NO_COMMON_BLOCKS = YES;
				GCC_OPTIMIZATION_LEVEL = 0;
				GCC_PREPROCESSOR_DEFINITIONS = (
					"DEBUG=1",
					"$(inherited)",
				);
				GCC_WARN_64_TO_32_BIT_CONVERSION = YES;
				GCC_WARN_ABOUT_RETURN_TYPE = YES_ERROR;
				GCC_WARN_UNDECLARED_SELECTOR = YES;
				GCC_WARN_UNINITIALIZED_AUTOS = YES_AGGRESSIVE;
				GCC_WARN_UNUSED_FUNCTION = YES;
				GCC_WARN_UNUSED_VARIABLE = YES;
				IPHONEOS_DEPLOYMENT_TARGET = 13.0;
				MTL_ENABLE_DEBUG_INFO = INCLUDE_SOURCE;
				MTL_FAST_MATH = YES;
				ONLY_ACTIVE_ARCH = YES;
				SDKROOT = iphoneos;
				SWIFT_ACTIVE_COMPILATION_CONDITIONS = DEBUG;
				SWIFT_OPTIMIZATION_LEVEL = "-Onone";
			};
			name = Debug;
		};
		1D805B8223825D7100040156 /* Release */ = {
			isa = XCBuildConfiguration;
			buildSettings = {
				ALWAYS_SEARCH_USER_PATHS = NO;
				CLANG_ANALYZER_NONNULL = YES;
				CLANG_ANALYZER_NUMBER_OBJECT_CONVERSION = YES_AGGRESSIVE;
				CLANG_CXX_LANGUAGE_STANDARD = "gnu++14";
				CLANG_CXX_LIBRARY = "libc++";
				CLANG_ENABLE_MODULES = YES;
				CLANG_ENABLE_OBJC_ARC = YES;
				CLANG_ENABLE_OBJC_WEAK = YES;
				CLANG_WARN_BLOCK_CAPTURE_AUTORELEASING = YES;
				CLANG_WARN_BOOL_CONVERSION = YES;
				CLANG_WARN_COMMA = YES;
				CLANG_WARN_CONSTANT_CONVERSION = YES;
				CLANG_WARN_DEPRECATED_OBJC_IMPLEMENTATIONS = YES;
				CLANG_WARN_DIRECT_OBJC_ISA_USAGE = YES_ERROR;
				CLANG_WARN_DOCUMENTATION_COMMENTS = YES;
				CLANG_WARN_EMPTY_BODY = YES;
				CLANG_WARN_ENUM_CONVERSION = YES;
				CLANG_WARN_INFINITE_RECURSION = YES;
				CLANG_WARN_INT_CONVERSION = YES;
				CLANG_WARN_NON_LITERAL_NULL_CONVERSION = YES;
				CLANG_WARN_OBJC_IMPLICIT_RETAIN_SELF = YES;
				CLANG_WARN_OBJC_LITERAL_CONVERSION = YES;
				CLANG_WARN_OBJC_ROOT_CLASS = YES_ERROR;
				CLANG_WARN_RANGE_LOOP_ANALYSIS = YES;
				CLANG_WARN_STRICT_PROTOTYPES = YES;
				CLANG_WARN_SUSPICIOUS_MOVE = YES;
				CLANG_WARN_UNGUARDED_AVAILABILITY = YES_AGGRESSIVE;
				CLANG_WARN_UNREACHABLE_CODE = YES;
				CLANG_WARN__DUPLICATE_METHOD_MATCH = YES;
				COPY_PHASE_STRIP = NO;
				DEBUG_INFORMATION_FORMAT = "dwarf-with-dsym";
				ENABLE_NS_ASSERTIONS = NO;
				ENABLE_STRICT_OBJC_MSGSEND = YES;
				GCC_C_LANGUAGE_STANDARD = gnu11;
				GCC_NO_COMMON_BLOCKS = YES;
				GCC_WARN_64_TO_32_BIT_CONVERSION = YES;
				GCC_WARN_ABOUT_RETURN_TYPE = YES_ERROR;
				GCC_WARN_UNDECLARED_SELECTOR = YES;
				GCC_WARN_UNINITIALIZED_AUTOS = YES_AGGRESSIVE;
				GCC_WARN_UNUSED_FUNCTION = YES;
				GCC_WARN_UNUSED_VARIABLE = YES;
				IPHONEOS_DEPLOYMENT_TARGET = 13.0;
				MTL_ENABLE_DEBUG_INFO = NO;
				MTL_FAST_MATH = YES;
				SDKROOT = iphoneos;
				SWIFT_COMPILATION_MODE = wholemodule;
				SWIFT_OPTIMIZATION_LEVEL = "-O";
				VALIDATE_PRODUCT = YES;
			};
			name = Release;
		};
		1D805B8423825D7100040156 /* Debug */ = {
			isa = XCBuildConfiguration;
			buildSettings = {
				ALWAYS_EMBED_SWIFT_STANDARD_LIBRARIES = YES;
				ASSETCATALOG_COMPILER_APPICON_NAME = AppIcon;
				CODE_SIGN_STYLE = Automatic;
				DEVELOPMENT_TEAM = 5FHR5TCA36;
				FRAMEWORK_SEARCH_PATHS = (
					"$(inherited)",
					"$(PROJECT_DIR)/Carthage/Build/iOS",
				);
				INFOPLIST_FILE = "One-Swift/Info.plist";
				LD_RUNPATH_SEARCH_PATHS = (
					"$(inherited)",
					"@executable_path/Frameworks",
				);
				PRODUCT_BUNDLE_IDENTIFIER = "Xi-an-Boxin-Information-Technology-Co.--Ltd.One-Swift";
				PRODUCT_NAME = "$(TARGET_NAME)";
				SWIFT_VERSION = 5.0;
				TARGETED_DEVICE_FAMILY = "1,2";
			};
			name = Debug;
		};
		1D805B8523825D7100040156 /* Release */ = {
			isa = XCBuildConfiguration;
			buildSettings = {
				ALWAYS_EMBED_SWIFT_STANDARD_LIBRARIES = YES;
				ASSETCATALOG_COMPILER_APPICON_NAME = AppIcon;
				CODE_SIGN_STYLE = Automatic;
				DEVELOPMENT_TEAM = 5FHR5TCA36;
				FRAMEWORK_SEARCH_PATHS = (
					"$(inherited)",
					"$(PROJECT_DIR)/Carthage/Build/iOS",
				);
				INFOPLIST_FILE = "One-Swift/Info.plist";
				LD_RUNPATH_SEARCH_PATHS = (
					"$(inherited)",
					"@executable_path/Frameworks",
				);
				PRODUCT_BUNDLE_IDENTIFIER = "Xi-an-Boxin-Information-Technology-Co.--Ltd.One-Swift";
				PRODUCT_NAME = "$(TARGET_NAME)";
				SWIFT_VERSION = 5.0;
				TARGETED_DEVICE_FAMILY = "1,2";
			};
			name = Release;
		};
		1DABD8B0238941B900233C02 /* Debug */ = {
			isa = XCBuildConfiguration;
			buildSettings = {
				CLANG_ENABLE_MODULES = YES;
				CODE_SIGN_STYLE = Automatic;
				CURRENT_PROJECT_VERSION = 1;
				DEFINES_MODULE = YES;
				DEVELOPMENT_TEAM = 5FHR5TCA36;
				DYLIB_COMPATIBILITY_VERSION = 1;
				DYLIB_CURRENT_VERSION = 1;
				DYLIB_INSTALL_NAME_BASE = "@rpath";
				FRAMEWORK_SEARCH_PATHS = (
					"$(inherited)",
					"$(PROJECT_DIR)/Carthage/Build/iOS",
				);
				INFOPLIST_FILE = One_iOS/Info.plist;
				INSTALL_PATH = "$(LOCAL_LIBRARY_DIR)/Frameworks";
				LD_RUNPATH_SEARCH_PATHS = (
					"$(inherited)",
					"@executable_path/Frameworks",
					"@loader_path/Frameworks",
				);
				PRODUCT_BUNDLE_IDENTIFIER = "Xi-an-Boxin-Information-Technology-Co.--Ltd.One-iOS";
				PRODUCT_NAME = "$(TARGET_NAME:c99extidentifier)";
				SKIP_INSTALL = YES;
				SWIFT_OPTIMIZATION_LEVEL = "-Onone";
				SWIFT_VERSION = 5.0;
				TARGETED_DEVICE_FAMILY = "1,2";
				VERSIONING_SYSTEM = "apple-generic";
				VERSION_INFO_PREFIX = "";
			};
			name = Debug;
		};
		1DABD8B1238941B900233C02 /* Release */ = {
			isa = XCBuildConfiguration;
			buildSettings = {
				CLANG_ENABLE_MODULES = YES;
				CODE_SIGN_STYLE = Automatic;
				CURRENT_PROJECT_VERSION = 1;
				DEFINES_MODULE = YES;
				DEVELOPMENT_TEAM = 5FHR5TCA36;
				DYLIB_COMPATIBILITY_VERSION = 1;
				DYLIB_CURRENT_VERSION = 1;
				DYLIB_INSTALL_NAME_BASE = "@rpath";
				FRAMEWORK_SEARCH_PATHS = (
					"$(inherited)",
					"$(PROJECT_DIR)/Carthage/Build/iOS",
				);
				INFOPLIST_FILE = One_iOS/Info.plist;
				INSTALL_PATH = "$(LOCAL_LIBRARY_DIR)/Frameworks";
				LD_RUNPATH_SEARCH_PATHS = (
					"$(inherited)",
					"@executable_path/Frameworks",
					"@loader_path/Frameworks",
				);
				PRODUCT_BUNDLE_IDENTIFIER = "Xi-an-Boxin-Information-Technology-Co.--Ltd.One-iOS";
				PRODUCT_NAME = "$(TARGET_NAME:c99extidentifier)";
				SKIP_INSTALL = YES;
				SWIFT_VERSION = 5.0;
				TARGETED_DEVICE_FAMILY = "1,2";
				VERSIONING_SYSTEM = "apple-generic";
				VERSION_INFO_PREFIX = "";
			};
			name = Release;
		};
		1DABD8C2238941E200233C02 /* Debug */ = {
			isa = XCBuildConfiguration;
			buildSettings = {
				CODE_SIGN_STYLE = Automatic;
				CURRENT_PROJECT_VERSION = 1;
				DEFINES_MODULE = YES;
				DEVELOPMENT_TEAM = 5FHR5TCA36;
				DYLIB_COMPATIBILITY_VERSION = 1;
				DYLIB_CURRENT_VERSION = 1;
				DYLIB_INSTALL_NAME_BASE = "@rpath";
				FRAMEWORK_SEARCH_PATHS = (
					"$(inherited)",
					"$(PROJECT_DIR)/Carthage/Build/iOS",
				);
				INFOPLIST_FILE = OneUIKit/Info.plist;
				INSTALL_PATH = "$(LOCAL_LIBRARY_DIR)/Frameworks";
				LD_RUNPATH_SEARCH_PATHS = (
					"$(inherited)",
					"@executable_path/Frameworks",
					"@loader_path/Frameworks",
				);
				PRODUCT_BUNDLE_IDENTIFIER = "Xi-an-Boxin-Information-Technology-Co.--Ltd.OneUIKit";
				PRODUCT_NAME = "$(TARGET_NAME:c99extidentifier)";
				SKIP_INSTALL = YES;
				TARGETED_DEVICE_FAMILY = "1,2";
				VERSIONING_SYSTEM = "apple-generic";
				VERSION_INFO_PREFIX = "";
			};
			name = Debug;
		};
		1DABD8C3238941E200233C02 /* Release */ = {
			isa = XCBuildConfiguration;
			buildSettings = {
				CODE_SIGN_STYLE = Automatic;
				CURRENT_PROJECT_VERSION = 1;
				DEFINES_MODULE = YES;
				DEVELOPMENT_TEAM = 5FHR5TCA36;
				DYLIB_COMPATIBILITY_VERSION = 1;
				DYLIB_CURRENT_VERSION = 1;
				DYLIB_INSTALL_NAME_BASE = "@rpath";
				FRAMEWORK_SEARCH_PATHS = (
					"$(inherited)",
					"$(PROJECT_DIR)/Carthage/Build/iOS",
				);
				INFOPLIST_FILE = OneUIKit/Info.plist;
				INSTALL_PATH = "$(LOCAL_LIBRARY_DIR)/Frameworks";
				LD_RUNPATH_SEARCH_PATHS = (
					"$(inherited)",
					"@executable_path/Frameworks",
					"@loader_path/Frameworks",
				);
				PRODUCT_BUNDLE_IDENTIFIER = "Xi-an-Boxin-Information-Technology-Co.--Ltd.OneUIKit";
				PRODUCT_NAME = "$(TARGET_NAME:c99extidentifier)";
				SKIP_INSTALL = YES;
				TARGETED_DEVICE_FAMILY = "1,2";
				VERSIONING_SYSTEM = "apple-generic";
				VERSION_INFO_PREFIX = "";
			};
			name = Release;
		};
		1DABD8D3238941FB00233C02 /* Debug */ = {
			isa = XCBuildConfiguration;
			buildSettings = {
				CODE_SIGN_STYLE = Automatic;
				CURRENT_PROJECT_VERSION = 1;
				DEFINES_MODULE = YES;
				DEVELOPMENT_TEAM = 5FHR5TCA36;
				DYLIB_COMPATIBILITY_VERSION = 1;
				DYLIB_CURRENT_VERSION = 1;
				DYLIB_INSTALL_NAME_BASE = "@rpath";
				FRAMEWORK_SEARCH_PATHS = (
					"$(inherited)",
					"$(PROJECT_DIR)/Carthage/Build/iOS",
				);
				INFOPLIST_FILE = OneDataKit/Info.plist;
				INSTALL_PATH = "$(LOCAL_LIBRARY_DIR)/Frameworks";
				LD_RUNPATH_SEARCH_PATHS = (
					"$(inherited)",
					"@executable_path/Frameworks",
					"@loader_path/Frameworks",
				);
				PRODUCT_BUNDLE_IDENTIFIER = "Xi-an-Boxin-Information-Technology-Co.--Ltd.OneDataKit";
				PRODUCT_NAME = "$(TARGET_NAME:c99extidentifier)";
				SKIP_INSTALL = YES;
				TARGETED_DEVICE_FAMILY = "1,2";
				VERSIONING_SYSTEM = "apple-generic";
				VERSION_INFO_PREFIX = "";
			};
			name = Debug;
		};
		1DABD8D4238941FB00233C02 /* Release */ = {
			isa = XCBuildConfiguration;
			buildSettings = {
				CODE_SIGN_STYLE = Automatic;
				CURRENT_PROJECT_VERSION = 1;
				DEFINES_MODULE = YES;
				DEVELOPMENT_TEAM = 5FHR5TCA36;
				DYLIB_COMPATIBILITY_VERSION = 1;
				DYLIB_CURRENT_VERSION = 1;
				DYLIB_INSTALL_NAME_BASE = "@rpath";
				FRAMEWORK_SEARCH_PATHS = (
					"$(inherited)",
					"$(PROJECT_DIR)/Carthage/Build/iOS",
				);
				INFOPLIST_FILE = OneDataKit/Info.plist;
				INSTALL_PATH = "$(LOCAL_LIBRARY_DIR)/Frameworks";
				LD_RUNPATH_SEARCH_PATHS = (
					"$(inherited)",
					"@executable_path/Frameworks",
					"@loader_path/Frameworks",
				);
				PRODUCT_BUNDLE_IDENTIFIER = "Xi-an-Boxin-Information-Technology-Co.--Ltd.OneDataKit";
				PRODUCT_NAME = "$(TARGET_NAME:c99extidentifier)";
				SKIP_INSTALL = YES;
				TARGETED_DEVICE_FAMILY = "1,2";
				VERSIONING_SYSTEM = "apple-generic";
				VERSION_INFO_PREFIX = "";
			};
			name = Release;
		};
/* End XCBuildConfiguration section */

/* Begin XCConfigurationList section */
		1D805B6A23825D7000040156 /* Build configuration list for PBXProject "One-Swift" */ = {
			isa = XCConfigurationList;
			buildConfigurations = (
				1D805B8123825D7100040156 /* Debug */,
				1D805B8223825D7100040156 /* Release */,
			);
			defaultConfigurationIsVisible = 0;
			defaultConfigurationName = Release;
		};
		1D805B8323825D7100040156 /* Build configuration list for PBXNativeTarget "One-Swift" */ = {
			isa = XCConfigurationList;
			buildConfigurations = (
				1D805B8423825D7100040156 /* Debug */,
				1D805B8523825D7100040156 /* Release */,
			);
			defaultConfigurationIsVisible = 0;
			defaultConfigurationName = Release;
		};
		1DABD8B2238941B900233C02 /* Build configuration list for PBXNativeTarget "One_iOS" */ = {
			isa = XCConfigurationList;
			buildConfigurations = (
				1DABD8B0238941B900233C02 /* Debug */,
				1DABD8B1238941B900233C02 /* Release */,
			);
			defaultConfigurationIsVisible = 0;
			defaultConfigurationName = Release;
		};
		1DABD8C1238941E200233C02 /* Build configuration list for PBXNativeTarget "OneUIKit" */ = {
			isa = XCConfigurationList;
			buildConfigurations = (
				1DABD8C2238941E200233C02 /* Debug */,
				1DABD8C3238941E200233C02 /* Release */,
			);
			defaultConfigurationIsVisible = 0;
			defaultConfigurationName = Release;
		};
		1DABD8D2238941FB00233C02 /* Build configuration list for PBXNativeTarget "OneDataKit" */ = {
			isa = XCConfigurationList;
			buildConfigurations = (
				1DABD8D3238941FB00233C02 /* Debug */,
				1DABD8D4238941FB00233C02 /* Release */,
			);
			defaultConfigurationIsVisible = 0;
			defaultConfigurationName = Release;
		};
/* End XCConfigurationList section */
	};
	rootObject = 1D805B6723825D7000040156 /* Project object */;
}
